
Microsoft Visual Studio Solution File, Format Version 12.00
# Visual Studio Version 17
VisualStudioVersion = 17.11.35327.3
MinimumVisualStudioVersion = 10.0.40219.1
Project("{FAE04EC0-301F-11D3-BF4B-00C04F79EFBC}") = "Dairy Farm Management System", "WindowsFormsApp1\Dairy Farm Management System.csproj", "{62AA9B8B-8118-437D-AACF-CEECB3307753}"
EndProject
Global
	GlobalSection(SolutionConfigurationPlatforms) = preSolution
		Debug|Any CPU = Debug|Any CPU
		Release|Any CPU = Release|Any CPU
	EndGlobalSection
	GlobalSection(ProjectConfigurationPlatforms) = postSolution
		{62AA9B8B-8118-437D-AACF-CEECB3307753}.Debug|Any CPU.ActiveCfg = Debug|Any CPU
		{62AA9B8B-8118-437D-AACF-CEECB3307753}.Debug|Any CPU.Build.0 = Debug|Any CPU
		{62AA9B8B-8118-437D-AACF-CEECB3307753}.Release|Any CPU.ActiveCfg = Release|Any CPU
		{62AA9B8B-8118-437D-AACF-CEECB3307753}.Release|Any CPU.Build.0 = Release|Any CPU
	EndGlobalSection
	GlobalSection(SolutionProperties) = preSolution
		HideSolutionNode = FALSE
	EndGlobalSection
	GlobalSection(ExtensibilityGlobals) = postSolution
		SolutionGuid = {DBE58C69-1A2D-42DE-BE5F-FC0D56FDBAF5}
	EndGlobalSection
EndGlobal
